
Microsoft Visual Studio Solution File, Format Version 12.00
# Visual Studio 15
VisualStudioVersion = 15.0.28307.1433
MinimumVisualStudioVersion = 10.0.40219.1
Project("{9A19103F-16F7-4668-BE54-9A1E7A4F7556}") = "MqttConsumer", "MqttConsumer\MqttConsumer.csproj", "{0EF8170A-0D99-47B8-AF45-661ECB999FEA}"
EndProject
Global
	GlobalSection(SolutionConfigurationPlatforms) = preSolution
		Debug|Any CPU = Debug|Any CPU
		Release|Any CPU = Release|Any CPU
	EndGlobalSection
	GlobalSection(ProjectConfigurationPlatforms) = postSolution
		{0EF8170A-0D99-47B8-AF45-661ECB999FEA}.Debug|Any CPU.ActiveCfg = Debug|Any CPU
		{0EF8170A-0D99-47B8-AF45-661ECB999FEA}.Debug|Any CPU.Build.0 = Debug|Any CPU
		{0EF8170A-0D99-47B8-AF45-661ECB999FEA}.Release|Any CPU.ActiveCfg = Release|Any CPU
		{0EF8170A-0D99-47B8-AF45-661ECB999FEA}.Release|Any CPU.Build.0 = Release|Any CPU
	EndGlobalSection
	GlobalSection(SolutionProperties) = preSolution
		HideSolutionNode = FALSE
	EndGlobalSection
	GlobalSection(ExtensibilityGlobals) = postSolution
		SolutionGuid = {5AD332C8-7C0C-46CF-B768-0BD837BB7C71}
	EndGlobalSection
EndGlobal
